github.com/garyburd/websocket v0.0.0-20260821050455-bd7d3b439929 h1:zMCYHxPGtCHERxtGG8Cn+GkH/ZOI0JeLWLqzJz364rg=
github.com/garyburd/websocket v0.0.0-20260821050455-bd7d3b439929/go.mod h1:3Vxj5t9hRWCcoB5nSG5EMtlgavqIcizdgoSremQXWUg=
golang.org/x/image v0.42.0 h1:1gSs6ehNWXLbkHBIPcWztk3D/6aIA/8hauiAYtlodVY=
golang.org/x/image v0.42.0/go.mod h1:rrpelvGFt+kLPAjPM4HeWPgrl0FtafueU//e5N0qk/Q=
